github.com/fogleman/gg v1.2.0 h1:Z0uOlqo+EbPQwdbrpKV1/jEcefXGPICDtGmS/gwly30=
github.com/fogleman/gg v1.2.0/go.mod h1:R/bRT+9gY/C5z7JzPU0zXsXHKM4/ayA+zqcVNZzPa1k=
github.com/fogleman/primitive v0.0.0-20190214200932-673f57e7b1b5 h1:/oy2PBMZq4jeEfqM5OCuvWYu+6yZEb0SSPbwL1fCaXw=
github.com/fogleman/primitive v0.0.0-20190214200932-673f57e7b1b5/go.mod h1:Tm6t8LbdhSCXNfpjTwoL1mdjCnyKHkMyf6PqQXo7Or8=
github.com/golang/freetype v0.0.0-20170609003504-e2365dfdc4a0 h1:DACJavvAHhabrF08vX0COfcOBJRhZ8lUbR+ZWIs0Y5g=
github.com/golang/freetype v0.0.0-20170609003504-e2365dfdc4a0/go.mod h1:E/TSTwGwJL78qG/PmXZO1EjYhfJinVAhrmmHX6Z8B9k=
github.com/nfnt/resize v0.0.0-20180221191011-83c6a9932646 h1:zYyBkD/k9seD2A7fsi6Oo2LfFZAehjjQMERAvZLEDnQ=
github.com/nfnt/resize v0.0.0-20180221191011-83c6a9932646/go.mod h1:jpp1/29i3P1S/RLdc7JQKbRpFeM1dOBd8T9ki5s+AY8=
golang.org/x/image v0.0.0-20190209060608-ef4a1470e0dc h1:P8UBp9iv2ZY5xjf9rnwI9s/hywlCgyKzpLsfk30IVyw=
golang.org/x/image v0.0.0-20190209060608-ef4a1470e0dc/go.mod h1:ux5Hcp/YLpHSI86hEcLt0YII63i6oz57MZXIpbrjZUs=
